
Microsoft Visual Studio Solution File, Format Version 12.00
# Visual Studio 2012
Project("{FAE04EC0-301F-11D3-BF4B-00C04F79EFBC}") = "AnimesList", "AnimesList\AnimesList.csproj", "{BC3A730C-0EDA-4750-A047-E046D4801DF5}"
EndProject
Project("{2150E333-8FDC-42A3-9474-1A3956D46DE8}") = "Anidb", "Anidb", "{558177C7-8A67-4D54-B8F9-4145608AFA00}"
EndProject
Project("{FAE04EC0-301F-11D3-BF4B-00C04F79EFBC}") = "AniDBAPI", "AniDBAPI\AniDBAPI.csproj", "{69629473-E129-4ED9-96A0-11A78AF3281D}"
EndProject
Project("{FAE04EC0-301F-11D3-BF4B-00C04F79EFBC}") = "AniDBTester", "AniDBTester\AniDBTester.csproj", "{139A3B10-27BF-4C1D-BF52-9917A2BA29B2}"
EndProject
Project("{FAE04EC0-301F-11D3-BF4B-00C04F79EFBC}") = "AnimeListEditor", "AnimeListEditor\AnimeListEditor.csproj", "{45D6CF7E-FC6F-4A3C-B6AE-D9C5F754F23A}"
EndProject
Global
	GlobalSection(SolutionConfigurationPlatforms) = preSolution
		Debug|Any CPU = Debug|Any CPU
		Debug|ARM = Debug|ARM
		Debug|x64 = Debug|x64
		Debug|x86 = Debug|x86
		Release|Any CPU = Release|Any CPU
		Release|ARM = Release|ARM
		Release|x64 = Release|x64
		Release|x86 = Release|x86
	EndGlobalSection
	GlobalSection(ProjectConfigurationPlatforms) = postSolution
		{BC3A730C-0EDA-4750-A047-E046D4801DF5}.Debug|Any CPU.ActiveCfg = Debug|Any CPU
		{BC3A730C-0EDA-4750-A047-E046D4801DF5}.Debug|Any CPU.Build.0 = Debug|Any CPU
		{BC3A730C-0EDA-4750-A047-E046D4801DF5}.Debug|ARM.ActiveCfg = Debug|Any CPU
		{BC3A730C-0EDA-4750-A047-E046D4801DF5}.Debug|x64.ActiveCfg = Debug|Any CPU
		{BC3A730C-0EDA-4750-A047-E046D4801DF5}.Debug|x86.ActiveCfg = Debug|Any CPU
		{BC3A730C-0EDA-4750-A047-E046D4801DF5}.Release|Any CPU.ActiveCfg = Release|Any CPU
		{BC3A730C-0EDA-4750-A047-E046D4801DF5}.Release|Any CPU.Build.0 = Release|Any CPU
		{BC3A730C-0EDA-4750-A047-E046D4801DF5}.Release|ARM.ActiveCfg = Release|Any CPU
		{BC3A730C-0EDA-4750-A047-E046D4801DF5}.Release|x64.ActiveCfg = Release|Any CPU
		{BC3A730C-0EDA-4750-A047-E046D4801DF5}.Release|x86.ActiveCfg = Release|Any CPU
		{69629473-E129-4ED9-96A0-11A78AF3281D}.Debug|Any CPU.ActiveCfg = Debug|Any CPU
		{69629473-E129-4ED9-96A0-11A78AF3281D}.Debug|Any CPU.Build.0 = Debug|Any CPU
		{69629473-E129-4ED9-96A0-11A78AF3281D}.Debug|ARM.ActiveCfg = Debug|Any CPU
		{69629473-E129-4ED9-96A0-11A78AF3281D}.Debug|x64.ActiveCfg = Debug|Any CPU
		{69629473-E129-4ED9-96A0-11A78AF3281D}.Debug|x86.ActiveCfg = Debug|Any CPU
		{69629473-E129-4ED9-96A0-11A78AF3281D}.Release|Any CPU.ActiveCfg = Release|Any CPU
		{69629473-E129-4ED9-96A0-11A78AF3281D}.Release|Any CPU.Build.0 = Release|Any CPU
		{69629473-E129-4ED9-96A0-11A78AF3281D}.Release|ARM.ActiveCfg = Release|Any CPU
		{69629473-E129-4ED9-96A0-11A78AF3281D}.Release|x64.ActiveCfg = Release|Any CPU
		{69629473-E129-4ED9-96A0-11A78AF3281D}.Release|x86.ActiveCfg = Release|Any CPU
		{139A3B10-27BF-4C1D-BF52-9917A2BA29B2}.Debug|Any CPU.ActiveCfg = Debug|Any CPU
		{139A3B10-27BF-4C1D-BF52-9917A2BA29B2}.Debug|Any CPU.Build.0 = Debug|Any CPU
		{139A3B10-27BF-4C1D-BF52-9917A2BA29B2}.Debug|ARM.ActiveCfg = Debug|Any CPU
		{139A3B10-27BF-4C1D-BF52-9917A2BA29B2}.Debug|x64.ActiveCfg = Debug|Any CPU
		{139A3B10-27BF-4C1D-BF52-9917A2BA29B2}.Debug|x86.ActiveCfg = Debug|Any CPU
		{139A3B10-27BF-4C1D-BF52-9917A2BA29B2}.Release|Any CPU.ActiveCfg = Release|Any CPU
		{139A3B10-27BF-4C1D-BF52-9917A2BA29B2}.Release|Any CPU.Build.0 = Release|Any CPU
		{139A3B10-27BF-4C1D-BF52-9917A2BA29B2}.Release|ARM.ActiveCfg = Release|Any CPU
		{139A3B10-27BF-4C1D-BF52-9917A2BA29B2}.Release|x64.ActiveCfg = Release|Any CPU
		{139A3B10-27BF-4C1D-BF52-9917A2BA29B2}.Release|x86.ActiveCfg = Release|Any CPU
		{45D6CF7E-FC6F-4A3C-B6AE-D9C5F754F23A}.Debug|Any CPU.ActiveCfg = Debug|Any CPU
		{45D6CF7E-FC6F-4A3C-B6AE-D9C5F754F23A}.Debug|Any CPU.Build.0 = Debug|Any CPU
		{45D6CF7E-FC6F-4A3C-B6AE-D9C5F754F23A}.Debug|ARM.ActiveCfg = Debug|Any CPU
		{45D6CF7E-FC6F-4A3C-B6AE-D9C5F754F23A}.Debug|x64.ActiveCfg = Debug|Any CPU
		{45D6CF7E-FC6F-4A3C-B6AE-D9C5F754F23A}.Debug|x86.ActiveCfg = Debug|Any CPU
		{45D6CF7E-FC6F-4A3C-B6AE-D9C5F754F23A}.Release|Any CPU.ActiveCfg = Release|Any CPU
		{45D6CF7E-FC6F-4A3C-B6AE-D9C5F754F23A}.Release|Any CPU.Build.0 = Release|Any CPU
		{45D6CF7E-FC6F-4A3C-B6AE-D9C5F754F23A}.Release|ARM.ActiveCfg = Release|Any CPU
		{45D6CF7E-FC6F-4A3C-B6AE-D9C5F754F23A}.Release|x64.ActiveCfg = Release|Any CPU
		{45D6CF7E-FC6F-4A3C-B6AE-D9C5F754F23A}.Release|x86.ActiveCfg = Release|Any CPU
	EndGlobalSection
	GlobalSection(SolutionProperties) = preSolution
		HideSolutionNode = FALSE
	EndGlobalSection
	GlobalSection(NestedProjects) = preSolution
		{69629473-E129-4ED9-96A0-11A78AF3281D} = {558177C7-8A67-4D54-B8F9-4145608AFA00}
		{139A3B10-27BF-4C1D-BF52-9917A2BA29B2} = {558177C7-8A67-4D54-B8F9-4145608AFA00}
	EndGlobalSection
EndGlobal
